// !$*UTF8*$!
{
	archiveVersion = 1;
	classes = {
	};
	objectVersion = 46;
	objects = {

/* Begin PBXBuildFile section */
		98EE034E1BE119FC003E7736 /* AppDelegate.swift in Sources */ = {isa = PBXBuildFile; fileRef = 98EE034D1BE119FC003E7736 /* AppDelegate.swift */; };
		98EE03501BE119FC003E7736 /* ViewController.swift in Sources */ = {isa = PBXBuildFile; fileRef = 98EE034F1BE119FC003E7736 /* ViewController.swift */; };
		98EE03531BE119FC003E7736 /* Main.storyboard in Resources */ = {isa = PBXBuildFile; fileRef = 98EE03511BE119FC003E7736 /* Main.storyboard */; };
		98EE03551BE119FC003E7736 /* Assets.xcassets in Resources */ = {isa = PBXBuildFile; fileRef = 98EE03541BE119FC003E7736 /* Assets.xcassets */; };
		98EE03581BE119FC003E7736 /* LaunchScreen.storyboard in Resources */ = {isa = PBXBuildFile; fileRef = 98EE03561BE119FC003E7736 /* LaunchScreen.storyboard */; };
		98EE03631BE119FC003E7736 /* AnimalTriviaTests.swift in Sources */ = {isa = PBXBuildFile; fileRef = 98EE03621BE119FC003E7736 /* AnimalTriviaTests.swift */; };
		98EE036E1BE119FC003E7736 /* AnimalTriviaUITests.swift in Sources */ = {isa = PBXBuildFile; fileRef = 98EE036D1BE119FC003E7736 /* AnimalTriviaUITests.swift */; };
		98FE02BD1BE29A9F00B34E97 /* typewriter-key-1.mp3 in Resources */ = {isa = PBXBuildFile; fileRef = 98FE02BC1BE29A9F00B34E97 /* typewriter-key-1.mp3 */; };
/* End PBXBuildFile section */

/* Begin PBXContainerItemProxy section */
		98EE035F1BE119FC003E7736 /* PBXContainerItemProxy */ = {
			isa = PBXContainerItemProxy;
			containerPortal = 98EE03421BE119FC003E7736 /* Project object */;
			proxyType = 1;
			remoteGlobalIDString = 98EE03491BE119FC003E7736;
			remoteInfo = AnimalTrivia;
		};
		98EE036A1BE119FC003E7736 /* PBXContainerItemProxy */ = {
			isa = PBXContainerItemProxy;
			containerPortal = 98EE03421BE119FC003E7736 /* Project object */;
			proxyType = 1;
			remoteGlobalIDString = 98EE03491BE119FC003E7736;
			remoteInfo = AnimalTrivia;
		};
/* End PBXContainerItemProxy section */

/* Begin PBXFileReference section */
		98EE034A1BE119FC003E7736 /* AnimalTrivia.app */ = {isa = PBXFileReference; explicitFileType = wrapper.application; includeInIndex = 0; path = AnimalTrivia.app; sourceTree = BUILT_PRODUCTS_DIR; };
		98EE034D1BE119FC003E7736 /* AppDelegate.swift */ = {isa = PBXFileReference; lastKnownFileType = sourcecode.swift; path = AppDelegate.swift; sourceTree = "<group>"; };
		98EE034F1BE119FC003E7736 /* ViewController.swift */ = {isa = PBXFileReference; lastKnownFileType = sourcecode.swift; path = ViewController.swift; sourceTree = "<group>"; };
		98EE03521BE119FC003E7736 /* Base */ = {isa = PBXFileReference; lastKnownFileType = file.storyboard; name = Base; path = Base.lproj/Main.storyboard; sourceTree = "<group>"; };
		98EE03541BE119FC003E7736 /* Assets.xcassets */ = {isa = PBXFileReference; explicitFileType = wrapper.application; path = Assets.xcassets; sourceTree = "<group>"; };
		98EE03571BE119FC003E7736 /* Base */ = {isa = PBXFileReference; lastKnownFileType = file.storyboard; name = Base; path = Base.lproj/LaunchScreen.storyboard; sourceTree = "<group>"; };
		98EE03591BE119FC003E7736 /* Info.plist */ = {isa = PBXFileReference; lastKnownFileType = text.plist.xml; path = Info.plist; sourceTree = "<group>"; };
		98EE035E1BE119FC003E7736 /* AnimalTriviaTests.xctest */ = {isa = PBXFileReference; explicitFileType = wrapper.cfbundle; includeInIndex = 0; path = AnimalTriviaTests.xctest; sourceTree = BUILT_PRODUCTS_DIR; };
		98EE03621BE119FC003E7736 /* AnimalTriviaTests.swift */ = {isa = PBXFileReference; lastKnownFileType = sourcecode.swift; path = AnimalTriviaTests.swift; sourceTree = "<group>"; };
		98EE03641BE119FC003E7736 /* Info.plist */ = {isa = PBXFileReference; lastKnownFileType = text.plist.xml; path = Info.plist; sourceTree = "<group>"; };
		98EE03691BE119FC003E7736 /* AnimalTriviaUITests.xctest */ = {isa = PBXFileReference; explicitFileType = wrapper.cfbundle; includeInIndex = 0; path = AnimalTriviaUITests.xctest; sourceTree = BUILT_PRODUCTS_DIR; };
		98EE036D1BE119FC003E7736 /* AnimalTriviaUITests.swift */ = {isa = PBXFileReference; lastKnownFileType = sourcecode.swift; path = AnimalTriviaUITests.swift; sourceTree = "<group>"; };
		98EE036F1BE119FC003E7736 /* Info.plist */ = {isa = PBXFileReference; lastKnownFileType = text.plist.xml; path = Info.plist; sourceTree = "<group>"; };
		98FE02BC1BE29A9F00B34E97 /* typewriter-key-1.mp3 */ = {isa = PBXFileReference; lastKnownFileType = audio.mp3; name = "typewriter-key-1.mp3"; path = "../../../../../../Downloads/typewriter-key-1.mp3"; sourceTree = "<group>"; };
/* End PBXFileReference section */

/* Begin PBXFrameworksBuildPhase section */
		98EE03471BE119FC003E7736 /* Frameworks */ = {
			isa = PBXFrameworksBuildPhase;
			buildActionMask = 2147483647;
			files = (
			);
			runOnlyForDeploymentPostprocessing = 0;
		};
		98EE035B1BE119FC003E7736 /* Frameworks */ = {
			isa = PBXFrameworksBuildPhase;
			buildActionMask = 2147483647;
			files = (
			);
			runOnlyForDeploymentPostprocessing = 0;
		};
		98EE03661BE119FC003E7736 /* Frameworks */ = {
			isa = PBXFrameworksBuildPhase;
			buildActionMask = 2147483647;
			files = (
			);
			runOnlyForDeploymentPostprocessing = 0;
		};
/* End PBXFrameworksBuildPhase section */

/* Begin PBXGroup section */
		98EE03411BE119FC003E7736 = {
			isa = PBXGroup;
			children = (
				98EE034C1BE119FC003E7736 /* AnimalTrivia */,
				98EE03611BE119FC003E7736 /* AnimalTriviaTests */,
				98EE036C1BE119FC003E7736 /* AnimalTriviaUITests */,
				98EE034B1BE119FC003E7736 /* Products */,
			);
			sourceTree = "<group>";
		};
		98EE034B1BE119FC003E7736 /* Products */ = {
			isa = PBXGroup;
			children = (
				98EE034A1BE119FC003E7736 /* AnimalTrivia.app */,
				98EE035E1BE119FC003E7736 /* AnimalTriviaTests.xctest */,
				98EE03691BE119FC003E7736 /* AnimalTriviaUITests.xctest */,
			);
			name = Products;
			sourceTree = "<group>";
		};
		98EE034C1BE119FC003E7736 /* AnimalTrivia */ = {
			isa = PBXGroup;
			children = (
				98EE034D1BE119FC003E7736 /* AppDelegate.swift */,
				98EE034F1BE119FC003E7736 /* ViewController.swift */,
				98FE02BC1BE29A9F00B34E97 /* typewriter-key-1.mp3 */,
				98EE03511BE119FC003E7736 /* Main.storyboard */,
				98EE03541BE119FC003E7736 /* Assets.xcassets */,
				98EE03561BE119FC003E7736 /* LaunchScreen.storyboard */,
				98EE03591BE119FC003E7736 /* Info.plist */,
			);
			path = AnimalTrivia;
			sourceTree = "<group>";
		};
		98EE03611BE119FC003E7736 /* AnimalTriviaTests */ = {
			isa = PBXGroup;
			children = (
				98EE03621BE119FC003E7736 /* AnimalTriviaTests.swift */,
				98EE03641BE119FC003E7736 /* Info.plist */,
			);
			path = AnimalTriviaTests;
			sourceTree = "<group>";
		};
		98EE036C1BE119FC003E7736 /* AnimalTriviaUITests */ = {
			isa = PBXGroup;
			children = (
				98EE036D1BE119FC003E7736 /* AnimalTriviaUITests.swift */,
				98EE036F1BE119FC003E7736 /* Info.plist */,
			);
			path = AnimalTriviaUITests;
			sourceTree = "<group>";
		};
/* End PBXGroup section */

/* Begin PBXNativeTarget section */
		98EE03491BE119FC003E7736 /* AnimalTrivia */ = {
			isa = PBXNativeTarget;
			buildConfigurationList = 98EE03721BE119FC003E7736 /* Build configuration list for PBXNativeTarget "AnimalTrivia" */;
			buildPhases = (
				98EE03461BE119FC003E7736 /* Sources */,
				98EE03471BE119FC003E7736 /* Frameworks */,
				98EE03481BE119FC003E7736 /* Resources */,
			);
			buildRules = (
			);
			dependencies = (
			);
			name = AnimalTrivia;
			productName = AnimalTrivia;
			productReference = 98EE034A1BE119FC003E7736 /* AnimalTrivia.app */;
			productType = "com.apple.product-type.application";
		};
		98EE035D1BE119FC003E7736 /* AnimalTriviaTests */ = {
			isa = PBXNativeTarget;
			buildConfigurationList = 98EE03751BE119FC003E7736 /* Build configuration list for PBXNativeTarget "AnimalTriviaTests" */;
			buildPhases = (
				98EE035A1BE119FC003E7736 /* Sources */,
				98EE035B1BE119FC003E7736 /* Frameworks */,
				98EE035C1BE119FC003E7736 /* Resources */,
			);
			buildRules = (
			);
			dependencies = (
				98EE03601BE119FC003E7736 /* PBXTargetDependency */,
			);
			name = AnimalTriviaTests;
			productName = AnimalTriviaTests;
			productReference = 98EE035E1BE119FC003E7736 /* AnimalTriviaTests.xctest */;
			productType = "com.apple.product-type.bundle.unit-test";
		};
		98EE03681BE119FC003E7736 /* AnimalTriviaUITests */ = {
			isa = PBXNativeTarget;
			buildConfigurationList = 98EE03781BE119FC003E7736 /* Build configuration list for PBXNativeTarget "AnimalTriviaUITests" */;
			buildPhases = (
				98EE03651BE119FC003E7736 /* Sources */,
				98EE03661BE119FC003E7736 /* Frameworks */,
				98EE03671BE119FC003E7736 /* Resources */,
			);
			buildRules = (
			);
			dependencies = (
				98EE036B1BE119FC003E7736 /* PBXTargetDependency */,
			);
			name = AnimalTriviaUITests;
			productName = AnimalTriviaUITests;
			productReference = 98EE03691BE119FC003E7736 /* AnimalTriviaUITests.xctest */;
			productType = "com.apple.product-type.bundle.ui-testing";
		};
/* End PBXNativeTarget section */

/* Begin PBXProject section */
		98EE03421BE119FC003E7736 /* Project object */ = {
			isa = PBXProject;
			attributes = {
				LastSwiftUpdateCheck = 0710;
				LastUpgradeCheck = 0710;
				ORGANIZATIONNAME = Cornellana;
				TargetAttributes = {
					98EE03491BE119FC003E7736 = {
						CreatedOnToolsVersion = 7.1;
						DevelopmentTeam = TJ6V4QM3GB;
					};
					98EE035D1BE119FC003E7736 = {
						CreatedOnToolsVersion = 7.1;
						TestTargetID = 98EE03491BE119FC003E7736;
					};
					98EE03681BE119FC003E7736 = {
						CreatedOnToolsVersion = 7.1;
						TestTargetID = 98EE03491BE119FC003E7736;
					};
				};
			};
			buildConfigurationList = 98EE03451BE119FC003E7736 /* Build configuration list for PBXProject "AnimalTrivia" */;
			compatibilityVersion = "Xcode 3.2";
			developmentRegion = English;
			hasScannedForEncodings = 0;
			knownRegions = (
				en,
				Base,
			);
			mainGroup = 98EE03411BE119FC003E7736;
			productRefGroup = 98EE034B1BE119FC003E7736 /* Products */;
			projectDirPath = "";
			projectRoot = "";
			targets = (
				98EE03491BE119FC003E7736 /* AnimalTrivia */,
				98EE035D1BE119FC003E7736 /* AnimalTriviaTests */,
				98EE03681BE119FC003E7736 /* AnimalTriviaUITests */,
			);
		};
/* End PBXProject section */

/* Begin PBXResourcesBuildPhase section */
		98EE03481BE119FC003E7736 /* Resources */ = {
			isa = PBXResourcesBuildPhase;
			buildActionMask = 2147483647;
			files = (
				98EE03581BE119FC003E7736 /* LaunchScreen.storyboard in Resources */,
				98FE02BD1BE29A9F00B34E97 /* typewriter-key-1.mp3 in Resources */,
				98EE03551BE119FC003E7736 /* Assets.xcassets in Resources */,
				98EE03531BE119FC003E7736 /* Main.storyboard in Resources */,
			);
			runOnlyForDeploymentPostprocessing = 0;
		};
		98EE035C1BE119FC003E7736 /* Resources */ = {
			isa = PBXResourcesBuildPhase;
			buildActionMask = 2147483647;
			files = (
			);
			runOnlyForDeploymentPostprocessing = 0;
		};
		98EE03671BE119FC003E7736 /* Resources */ = {
			isa = PBXResourcesBuildPhase;
			buildActionMask = 2147483647;
			files = (
			);
			runOnlyForDeploymentPostprocessing = 0;
		};
/* End PBXResourcesBuildPhase section */

/* Begin PBXSourcesBuildPhase section */
		98EE03461BE119FC003E7736 /* Sources */ = {
			isa = PBXSourcesBuildPhase;
			buildActionMask = 2147483647;
			files = (
				98EE03501BE119FC003E7736 /* ViewController.swift in Sources */,
				98EE034E1BE119FC003E7736 /* AppDelegate.swift in Sources */,
			);
			runOnlyForDeploymentPostprocessing = 0;
		};
		98EE035A1BE119FC003E7736 /* Sources */ = {
			isa = PBXSourcesBuildPhase;
			buildActionMask = 2147483647;
			files = (
				98EE03631BE119FC003E7736 /* AnimalTriviaTests.swift in Sources */,
			);
			runOnlyForDeploymentPostprocessing = 0;
		};
		98EE03651BE119FC003E7736 /* Sources */ = {
			isa = PBXSourcesBuildPhase;
			buildActionMask = 2147483647;
			files = (
				98EE036E1BE119FC003E7736 /* AnimalTriviaUITests.swift in Sources */,
			);
			runOnlyForDeploymentPostprocessing = 0;
		};
/* End PBXSourcesBuildPhase section */

/* Begin PBXTargetDependency section */
		98EE03601BE119FC003E7736 /* PBXTargetDependency */ = {
			isa = PBXTargetDependency;
			target = 98EE03491BE119FC003E7736 /* AnimalTrivia */;
			targetProxy = 98EE035F1BE119FC003E7736 /* PBXContainerItemProxy */;
		};
		98EE036B1BE119FC003E7736 /* PBXTargetDependency */ = {
			isa = PBXTargetDependency;
			target = 98EE03491BE119FC003E7736 /* AnimalTrivia */;
			targetProxy = 98EE036A1BE119FC003E7736 /* PBXContainerItemProxy */;
		};
/* End PBXTargetDependency section */

/* Begin PBXVariantGroup section */
		98EE03511BE119FC003E7736 /* Main.storyboard */ = {
			isa = PBXVariantGroup;
			children = (
				98EE03521BE119FC003E7736 /* Base */,
			);
			name = Main.storyboard;
			sourceTree = "<group>";
		};
		98EE03561BE119FC003E7736 /* LaunchScreen.storyboard */ = {
			isa = PBXVariantGroup;
			children = (
				98EE03571BE119FC003E7736 /* Base */,
			);
			name = LaunchScreen.storyboard;
			sourceTree = "<group>";
		};
/* End PBXVariantGroup section */

/* Begin XCBuildConfiguration section */
		98EE03701BE119FC003E7736 /* Debug */ = {
			isa = XCBuildConfiguration;
			buildSettings = {
				ALWAYS_SEARCH_USER_PATHS = NO;
				CLANG_CXX_LANGUAGE_STANDARD = "gnu++0x";
				CLANG_CXX_LIBRARY = "libc++";
				CLANG_ENABLE_MODULES = YES;
				CLANG_ENABLE_OBJC_ARC = YES;
				CLANG_WARN_BOOL_CONVERSION = YES;
				CLANG_WARN_CONSTANT_CONVERSION = YES;
				CLANG_WARN_DIRECT_OBJC_ISA_USAGE = YES_ERROR;
				CLANG_WARN_EMPTY_BODY = YES;
				CLANG_WARN_ENUM_CONVERSION = YES;
				CLANG_WARN_INT_CONVERSION = YES;
				CLANG_WARN_OBJC_ROOT_CLASS = YES_ERROR;
				CLANG_WARN_UNREACHABLE_CODE = YES;
				CLANG_WARN__DUPLICATE_METHOD_MATCH = YES;
				"CODE_SIGN_IDENTITY[sdk=iphoneos*]" = "iPhone Developer";
				COPY_PHASE_STRIP = NO;
				DEBUG_INFORMATION_FORMAT = dwarf;
				ENABLE_STRICT_OBJC_MSGSEND = YES;
				ENABLE_TESTABILITY = YES;
				GCC_C_LANGUAGE_STANDARD = gnu99;
				GCC_DYNAMIC_NO_PIC = NO;
				GCC_NO_COMMON_BLOCKS = YES;
				GCC_OPTIMIZATION_LEVEL = 0;
				GCC_PREPROCESSOR_DEFINITIONS = (
					"DEBUG=1",
					"$(inherited)",
				);
				GCC_WARN_64_TO_32_BIT_CONVERSION = YES;
				GCC_WARN_ABOUT_RETURN_TYPE = YES_ERROR;
				GCC_WARN_UNDECLARED_SELECTOR = YES;
				GCC_WARN_UNINITIALIZED_AUTOS = YES_AGGRESSIVE;
				GCC_WARN_UNUSED_FUNCTION = YES;
				GCC_WARN_UNUSED_VARIABLE = YES;
				IPHONEOS_DEPLOYMENT_TARGET = 9.1;
				MTL_ENABLE_DEBUG_INFO = YES;
				ONLY_ACTIVE_ARCH = YES;
				SDKROOT = iphoneos;
				SWIFT_OPTIMIZATION_LEVEL = "-Onone";
				TARGETED_DEVICE_FAMILY = "1,2";
			};
			name = Debug;
		};
		98EE03711BE119FC003E7736 /* Release */ = {
			isa = XCBuildConfiguration;
			buildSettings = {
				ALWAYS_SEARCH_USER_PATHS = NO;
				CLANG_CXX_LANGUAGE_STANDARD = "gnu++0x";
				CLANG_CXX_LIBRARY = "libc++";
				CLANG_ENABLE_MODULES = YES;
				CLANG_ENABLE_OBJC_ARC = YES;
				CLANG_WARN_BOOL_CONVERSION = YES;
				CLANG_WARN_CONSTANT_CONVERSION = YES;
				CLANG_WARN_DIRECT_OBJC_ISA_USAGE = YES_ERROR;
				CLANG_WARN_EMPTY_BODY = YES;
				CLANG_WARN_ENUM_CONVERSION = YES;
				CLANG_WARN_INT_CONVERSION = YES;
				CLANG_WARN_OBJC_ROOT_CLASS = YES_ERROR;
				CLANG_WARN_UNREACHABLE_CODE = YES;
				CLANG_WARN__DUPLICATE_METHOD_MATCH = YES;
				"CODE_SIGN_IDENTITY[sdk=iphoneos*]" = "iPhone Developer";
				COPY_PHASE_STRIP = NO;
				DEBUG_INFORMATION_FORMAT = "dwarf-with-dsym";
				ENABLE_NS_ASSERTIONS = NO;
				ENABLE_STRICT_OBJC_MSGSEND = YES;
				GCC_C_LANGUAGE_STANDARD = gnu99;
				GCC_NO_COMMON_BLOCKS = YES;
				GCC_WARN_64_TO_32_BIT_CONVERSION = YES;
				GCC_WARN_ABOUT_RETURN_TYPE = YES_ERROR;
				GCC_WARN_UNDECLARED_SELECTOR = YES;
				GCC_WARN_UNINITIALIZED_AUTOS = YES_AGGRESSIVE;
				GCC_WARN_UNUSED_FUNCTION = YES;
				GCC_WARN_UNUSED_VARIABLE = YES;
				IPHONEOS_DEPLOYMENT_TARGET = 9.1;
				MTL_ENABLE_DEBUG_INFO = NO;
				SDKROOT = iphoneos;
				TARGETED_DEVICE_FAMILY = "1,2";
				VALIDATE_PRODUCT = YES;
			};
			name = Release;
		};
		98EE03731BE119FC003E7736 /* Debug */ = {
			isa = XCBuildConfiguration;
			buildSettings = {
				ASSETCATALOG_COMPILER_APPICON_NAME = AppIcon;
				CODE_SIGN_IDENTITY = "iPhone Developer";
				"CODE_SIGN_IDENTITY[sdk=iphoneos*]" = "iPhone Developer";
				INFOPLIST_FILE = AnimalTrivia/Info.plist;
				LD_RUNPATH_SEARCH_PATHS = "$(inherited) @executable_path/Frameworks";
				PRODUCT_BUNDLE_IDENTIFIER = cat.cornellana.AnimalTrivia;
				PRODUCT_NAME = "$(TARGET_NAME)";
				PROVISIONING_PROFILE = "";
			};
			name = Debug;
		};
		98EE03741BE119FC003E7736 /* Release */ = {
			isa = XCBuildConfiguration;
			buildSettings = {
				ASSETCATALOG_COMPILER_APPICON_NAME = AppIcon;
				CODE_SIGN_IDENTITY = "iPhone Developer";
				"CODE_SIGN_IDENTITY[sdk=iphoneos*]" = "iPhone Developer";
				INFOPLIST_FILE = AnimalTrivia/Info.plist;
				LD_RUNPATH_SEARCH_PATHS = "$(inherited) @executable_path/Frameworks";
				PRODUCT_BUNDLE_IDENTIFIER = cat.cornellana.AnimalTrivia;
				PRODUCT_NAME = "$(TARGET_NAME)";
				PROVISIONING_PROFILE = "";
			};
			name = Release;
		};
		98EE03761BE119FC003E7736 /* Debug */ = {
			isa = XCBuildConfiguration;
			buildSettings = {
				BUNDLE_LOADER = "$(TEST_HOST)";
				INFOPLIST_FILE = AnimalTriviaTests/Info.plist;
				LD_RUNPATH_SEARCH_PATHS = "$(inherited) @executable_path/Frameworks @loader_path/Frameworks";
				PRODUCT_BUNDLE_IDENTIFIER = cat.cornellana.AnimalTriviaTests;
				PRODUCT_NAME = "$(TARGET_NAME)";
				TEST_HOST = "$(BUILT_PRODUCTS_DIR)/AnimalTrivia.app/AnimalTrivia";
			};
			name = Debug;
		};
		98EE03771BE119FC003E7736 /* Release */ = {
			isa = XCBuildConfiguration;
			buildSettings = {
				BUNDLE_LOADER = "$(TEST_HOST)";
				INFOPLIST_FILE = AnimalTriviaTests/Info.plist;
				LD_RUNPATH_SEARCH_PATHS = "$(inherited) @executable_path/Frameworks @loader_path/Frameworks";
				PRODUCT_BUNDLE_IDENTIFIER = cat.cornellana.AnimalTriviaTests;
				PRODUCT_NAME = "$(TARGET_NAME)";
				TEST_HOST = "$(BUILT_PRODUCTS_DIR)/AnimalTrivia.app/AnimalTrivia";
			};
			name = Release;
		};
		98EE03791BE119FC003E7736 /* Debug */ = {
			isa = XCBuildConfiguration;
			buildSettings = {
				INFOPLIST_FILE = AnimalTriviaUITests/Info.plist;
				LD_RUNPATH_SEARCH_PATHS = "$(inherited) @executable_path/Frameworks @loader_path/Frameworks";
				PRODUCT_BUNDLE_IDENTIFIER = cat.cornellana.AnimalTriviaUITests;
				PRODUCT_NAME = "$(TARGET_NAME)";
				TEST_TARGET_NAME = AnimalTrivia;
				USES_XCTRUNNER = YES;
			};
			name = Debug;
		};
		98EE037A1BE119FC003E7736 /* Release */ = {
			isa = XCBuildConfiguration;
			buildSettings = {
				INFOPLIST_FILE = AnimalTriviaUITests/Info.plist;
				LD_RUNPATH_SEARCH_PATHS = "$(inherited) @executable_path/Frameworks @loader_path/Frameworks";
				PRODUCT_BUNDLE_IDENTIFIER = cat.cornellana.AnimalTriviaUITests;
				PRODUCT_NAME = "$(TARGET_NAME)";
				TEST_TARGET_NAME = AnimalTrivia;
				USES_XCTRUNNER = YES;
			};
			name = Release;
		};
/* End XCBuildConfiguration section */

/* Begin XCConfigurationList section */
		98EE03451BE119FC003E7736 /* Build configuration list for PBXProject "AnimalTrivia" */ = {
			isa = XCConfigurationList;
			buildConfigurations = (
				98EE03701BE119FC003E7736 /* Debug */,
				98EE03711BE119FC003E7736 /* Release */,
			);
			defaultConfigurationIsVisible = 0;
			defaultConfigurationName = Release;
		};
		98EE03721BE119FC003E7736 /* Build configuration list for PBXNativeTarget "AnimalTrivia" */ = {
			isa = XCConfigurationList;
			buildConfigurations = (
				98EE03731BE119FC003E7736 /* Debug */,
				98EE03741BE119FC003E7736 /* Release */,
			);
			defaultConfigurationIsVisible = 0;
			defaultConfigurationName = Release;
		};
		98EE03751BE119FC003E7736 /* Build configuration list for PBXNativeTarget "AnimalTriviaTests" */ = {
			isa = XCConfigurationList;
			buildConfigurations = (
				98EE03761BE119FC003E7736 /* Debug */,
				98EE03771BE119FC003E7736 /* Release */,
			);
			defaultConfigurationIsVisible = 0;
			defaultConfigurationName = Release;
		};
		98EE03781BE119FC003E7736 /* Build configuration list for PBXNativeTarget "AnimalTriviaUITests" */ = {
			isa = XCConfigurationList;
			buildConfigurations = (
				98EE03791BE119FC003E7736 /* Debug */,
				98EE037A1BE119FC003E7736 /* Release */,
			);
			defaultConfigurationIsVisible = 0;
			defaultConfigurationName = Release;
		};
/* End XCConfigurationList section */
	};
	rootObject = 98EE03421BE119FC003E7736 /* Project object */;
}
